
Microsoft Visual Studio Solution File, Format Version 12.00
# Visual Studio 15
VisualStudioVersion = 15.0.27130.2010
MinimumVisualStudioVersion = 10.0.40219.1
Project("{2150E333-8FDC-42A3-9474-1A3956D46DE8}") = "01-Apps", "01-Apps", "{602DAC2A-B85C-4BD7-B6F6-5C7DDC922D0F}"
EndProject
Project("{2150E333-8FDC-42A3-9474-1A3956D46DE8}") = "02-Shared", "02-Shared", "{29CC5620-D69E-48CD-8171-AB96265FB99E}"
EndProject
Project("{FAE04EC0-301F-11D3-BF4B-00C04F79EFBC}") = "Moes.Android", "01-Apps\Moes.Android\Moes.Android.csproj", "{15AD3E27-94B1-43BB-8E38-29B48510691A}"
EndProject
Project("{FAE04EC0-301F-11D3-BF4B-00C04F79EFBC}") = "Moes.iOS", "01-Apps\Moes.iOS\Moes.iOS.csproj", "{D0BA2BCE-2F68-4F39-B73B-96C310EC8E9A}"
EndProject
Project("{9A19103F-16F7-4668-BE54-9A1E7A4F7556}") = "Moes.Core", "02-Shared\Moes.Core\Moes.Core.csproj", "{6087483C-6EC1-4137-A1AE-5AD16CB3F792}"
EndProject
Global
	GlobalSection(SolutionConfigurationPlatforms) = preSolution
		Ad-Hoc|Any CPU = Ad-Hoc|Any CPU
		Ad-Hoc|iPhone = Ad-Hoc|iPhone
		Ad-Hoc|iPhoneSimulator = Ad-Hoc|iPhoneSimulator
		AppStore|Any CPU = AppStore|Any CPU
		AppStore|iPhone = AppStore|iPhone
		AppStore|iPhoneSimulator = AppStore|iPhoneSimulator
		Debug|Any CPU = Debug|Any CPU
		Debug|iPhone = Debug|iPhone
		Debug|iPhoneSimulator = Debug|iPhoneSimulator
		Release|Any CPU = Release|Any CPU
		Release|iPhone = Release|iPhone
		Release|iPhoneSimulator = Release|iPhoneSimulator
	EndGlobalSection
	GlobalSection(ProjectConfigurationPlatforms) = postSolution
		{15AD3E27-94B1-43BB-8E38-29B48510691A}.Ad-Hoc|Any CPU.ActiveCfg = Release|Any CPU
		{15AD3E27-94B1-43BB-8E38-29B48510691A}.Ad-Hoc|Any CPU.Build.0 = Release|Any CPU
		{15AD3E27-94B1-43BB-8E38-29B48510691A}.Ad-Hoc|Any CPU.Deploy.0 = Release|Any CPU
		{15AD3E27-94B1-43BB-8E38-29B48510691A}.Ad-Hoc|iPhone.ActiveCfg = Release|Any CPU
		{15AD3E27-94B1-43BB-8E38-29B48510691A}.Ad-Hoc|iPhone.Build.0 = Release|Any CPU
		{15AD3E27-94B1-43BB-8E38-29B48510691A}.Ad-Hoc|iPhone.Deploy.0 = Release|Any CPU
		{15AD3E27-94B1-43BB-8E38-29B48510691A}.Ad-Hoc|iPhoneSimulator.ActiveCfg = Release|Any CPU
		{15AD3E27-94B1-43BB-8E38-29B48510691A}.Ad-Hoc|iPhoneSimulator.Build.0 = Release|Any CPU
		{15AD3E27-94B1-43BB-8E38-29B48510691A}.Ad-Hoc|iPhoneSimulator.Deploy.0 = Release|Any CPU
		{15AD3E27-94B1-43BB-8E38-29B48510691A}.AppStore|Any CPU.ActiveCfg = Release|Any CPU
		{15AD3E27-94B1-43BB-8E38-29B48510691A}.AppStore|Any CPU.Build.0 = Release|Any CPU
		{15AD3E27-94B1-43BB-8E38-29B48510691A}.AppStore|Any CPU.Deploy.0 = Release|Any CPU
		{15AD3E27-94B1-43BB-8E38-29B48510691A}.AppStore|iPhone.ActiveCfg = Release|Any CPU
		{15AD3E27-94B1-43BB-8E38-29B48510691A}.AppStore|iPhone.Build.0 = Release|Any CPU
		{15AD3E27-94B1-43BB-8E38-29B48510691A}.AppStore|iPhone.Deploy.0 = Release|Any CPU
		{15AD3E27-94B1-43BB-8E38-29B48510691A}.AppStore|iPhoneSimulator.ActiveCfg = Release|Any CPU
		{15AD3E27-94B1-43BB-8E38-29B48510691A}.AppStore|iPhoneSimulator.Build.0 = Release|Any CPU
		{15AD3E27-94B1-43BB-8E38-29B48510691A}.AppStore|iPhoneSimulator.Deploy.0 = Release|Any CPU
		{15AD3E27-94B1-43BB-8E38-29B48510691A}.Debug|Any CPU.ActiveCfg = Debug|Any CPU
		{15AD3E27-94B1-43BB-8E38-29B48510691A}.Debug|Any CPU.Build.0 = Debug|Any CPU
		{15AD3E27-94B1-43BB-8E38-29B48510691A}.Debug|Any CPU.Deploy.0 = Debug|Any CPU
		{15AD3E27-94B1-43BB-8E38-29B48510691A}.Debug|iPhone.ActiveCfg = Debug|Any CPU
		{15AD3E27-94B1-43BB-8E38-29B48510691A}.Debug|iPhone.Build.0 = Debug|Any CPU
		{15AD3E27-94B1-43BB-8E38-29B48510691A}.Debug|iPhone.Deploy.0 = Debug|Any CPU
		{15AD3E27-94B1-43BB-8E38-29B48510691A}.Debug|iPhoneSimulator.ActiveCfg = Debug|Any CPU
		{15AD3E27-94B1-43BB-8E38-29B48510691A}.Debug|iPhoneSimulator.Build.0 = Debug|Any CPU
		{15AD3E27-94B1-43BB-8E38-29B48510691A}.Debug|iPhoneSimulator.Deploy.0 = Debug|Any CPU
		{15AD3E27-94B1-43BB-8E38-29B48510691A}.Release|Any CPU.ActiveCfg = Release|Any CPU
		{15AD3E27-94B1-43BB-8E38-29B48510691A}.Release|Any CPU.Build.0 = Release|Any CPU
		{15AD3E27-94B1-43BB-8E38-29B48510691A}.Release|Any CPU.Deploy.0 = Release|Any CPU
		{15AD3E27-94B1-43BB-8E38-29B48510691A}.Release|iPhone.ActiveCfg = Release|Any CPU
		{15AD3E27-94B1-43BB-8E38-29B48510691A}.Release|iPhone.Build.0 = Release|Any CPU
		{15AD3E27-94B1-43BB-8E38-29B48510691A}.Release|iPhone.Deploy.0 = Release|Any CPU
		{15AD3E27-94B1-43BB-8E38-29B48510691A}.Release|iPhoneSimulator.ActiveCfg = Release|Any CPU
		{15AD3E27-94B1-43BB-8E38-29B48510691A}.Release|iPhoneSimulator.Build.0 = Release|Any CPU
		{15AD3E27-94B1-43BB-8E38-29B48510691A}.Release|iPhoneSimulator.Deploy.0 = Release|Any CPU
		{D0BA2BCE-2F68-4F39-B73B-96C310EC8E9A}.Ad-Hoc|Any CPU.ActiveCfg = Ad-Hoc|iPhone
		{D0BA2BCE-2F68-4F39-B73B-96C310EC8E9A}.Ad-Hoc|iPhone.ActiveCfg = Ad-Hoc|iPhone
		{D0BA2BCE-2F68-4F39-B73B-96C310EC8E9A}.Ad-Hoc|iPhone.Build.0 = Ad-Hoc|iPhone
		{D0BA2BCE-2F68-4F39-B73B-96C310EC8E9A}.Ad-Hoc|iPhoneSimulator.ActiveCfg = Ad-Hoc|iPhoneSimulator
		{D0BA2BCE-2F68-4F39-B73B-96C310EC8E9A}.Ad-Hoc|iPhoneSimulator.Build.0 = Ad-Hoc|iPhoneSimulator
		{D0BA2BCE-2F68-4F39-B73B-96C310EC8E9A}.AppStore|Any CPU.ActiveCfg = AppStore|iPhone
		{D0BA2BCE-2F68-4F39-B73B-96C310EC8E9A}.AppStore|iPhone.ActiveCfg = AppStore|iPhone
		{D0BA2BCE-2F68-4F39-B73B-96C310EC8E9A}.AppStore|iPhone.Build.0 = AppStore|iPhone
		{D0BA2BCE-2F68-4F39-B73B-96C310EC8E9A}.AppStore|iPhoneSimulator.ActiveCfg = AppStore|iPhoneSimulator
		{D0BA2BCE-2F68-4F39-B73B-96C310EC8E9A}.AppStore|iPhoneSimulator.Build.0 = AppStore|iPhoneSimulator
		{D0BA2BCE-2F68-4F39-B73B-96C310EC8E9A}.Debug|Any CPU.ActiveCfg = Debug|iPhone
		{D0BA2BCE-2F68-4F39-B73B-96C310EC8E9A}.Debug|iPhone.ActiveCfg = Debug|iPhone
		{D0BA2BCE-2F68-4F39-B73B-96C310EC8E9A}.Debug|iPhone.Build.0 = Debug|iPhone
		{D0BA2BCE-2F68-4F39-B73B-96C310EC8E9A}.Debug|iPhoneSimulator.ActiveCfg = Debug|iPhoneSimulator
		{D0BA2BCE-2F68-4F39-B73B-96C310EC8E9A}.Debug|iPhoneSimulator.Build.0 = Debug|iPhoneSimulator
		{D0BA2BCE-2F68-4F39-B73B-96C310EC8E9A}.Release|Any CPU.ActiveCfg = Release|iPhone
		{D0BA2BCE-2F68-4F39-B73B-96C310EC8E9A}.Release|iPhone.ActiveCfg = Release|iPhone
		{D0BA2BCE-2F68-4F39-B73B-96C310EC8E9A}.Release|iPhone.Build.0 = Release|iPhone
		{D0BA2BCE-2F68-4F39-B73B-96C310EC8E9A}.Release|iPhoneSimulator.ActiveCfg = Release|iPhoneSimulator
		{D0BA2BCE-2F68-4F39-B73B-96C310EC8E9A}.Release|iPhoneSimulator.Build.0 = Release|iPhoneSimulator
		{6087483C-6EC1-4137-A1AE-5AD16CB3F792}.Ad-Hoc|Any CPU.ActiveCfg = Debug|Any CPU
		{6087483C-6EC1-4137-A1AE-5AD16CB3F792}.Ad-Hoc|Any CPU.Build.0 = Debug|Any CPU
		{6087483C-6EC1-4137-A1AE-5AD16CB3F792}.Ad-Hoc|iPhone.ActiveCfg = Debug|Any CPU
		{6087483C-6EC1-4137-A1AE-5AD16CB3F792}.Ad-Hoc|iPhone.Build.0 = Debug|Any CPU
		{6087483C-6EC1-4137-A1AE-5AD16CB3F792}.Ad-Hoc|iPhoneSimulator.ActiveCfg = Debug|Any CPU
		{6087483C-6EC1-4137-A1AE-5AD16CB3F792}.Ad-Hoc|iPhoneSimulator.Build.0 = Debug|Any CPU
		{6087483C-6EC1-4137-A1AE-5AD16CB3F792}.AppStore|Any CPU.ActiveCfg = Debug|Any CPU
		{6087483C-6EC1-4137-A1AE-5AD16CB3F792}.AppStore|Any CPU.Build.0 = Debug|Any CPU
		{6087483C-6EC1-4137-A1AE-5AD16CB3F792}.AppStore|iPhone.ActiveCfg = Debug|Any CPU
		{6087483C-6EC1-4137-A1AE-5AD16CB3F792}.AppStore|iPhone.Build.0 = Debug|Any CPU
		{6087483C-6EC1-4137-A1AE-5AD16CB3F792}.AppStore|iPhoneSimulator.ActiveCfg = Debug|Any CPU
		{6087483C-6EC1-4137-A1AE-5AD16CB3F792}.AppStore|iPhoneSimulator.Build.0 = Debug|Any CPU
		{6087483C-6EC1-4137-A1AE-5AD16CB3F792}.Debug|Any CPU.ActiveCfg = Debug|Any CPU
		{6087483C-6EC1-4137-A1AE-5AD16CB3F792}.Debug|Any CPU.Build.0 = Debug|Any CPU
		{6087483C-6EC1-4137-A1AE-5AD16CB3F792}.Debug|iPhone.ActiveCfg = Debug|Any CPU
		{6087483C-6EC1-4137-A1AE-5AD16CB3F792}.Debug|iPhone.Build.0 = Debug|Any CPU
		{6087483C-6EC1-4137-A1AE-5AD16CB3F792}.Debug|iPhoneSimulator.ActiveCfg = Debug|Any CPU
		{6087483C-6EC1-4137-A1AE-5AD16CB3F792}.Debug|iPhoneSimulator.Build.0 = Debug|Any CPU
		{6087483C-6EC1-4137-A1AE-5AD16CB3F792}.Release|Any CPU.ActiveCfg = Release|Any CPU
		{6087483C-6EC1-4137-A1AE-5AD16CB3F792}.Release|Any CPU.Build.0 = Release|Any CPU
		{6087483C-6EC1-4137-A1AE-5AD16CB3F792}.Release|iPhone.ActiveCfg = Release|Any CPU
		{6087483C-6EC1-4137-A1AE-5AD16CB3F792}.Release|iPhone.Build.0 = Release|Any CPU
		{6087483C-6EC1-4137-A1AE-5AD16CB3F792}.Release|iPhoneSimulator.ActiveCfg = Release|Any CPU
		{6087483C-6EC1-4137-A1AE-5AD16CB3F792}.Release|iPhoneSimulator.Build.0 = Release|Any CPU
	EndGlobalSection
	GlobalSection(SolutionProperties) = preSolution
		HideSolutionNode = FALSE
	EndGlobalSection
	GlobalSection(NestedProjects) = preSolution
		{15AD3E27-94B1-43BB-8E38-29B48510691A} = {602DAC2A-B85C-4BD7-B6F6-5C7DDC922D0F}
		{D0BA2BCE-2F68-4F39-B73B-96C310EC8E9A} = {602DAC2A-B85C-4BD7-B6F6-5C7DDC922D0F}
		{6087483C-6EC1-4137-A1AE-5AD16CB3F792} = {29CC5620-D69E-48CD-8171-AB96265FB99E}
	EndGlobalSection
	GlobalSection(ExtensibilityGlobals) = postSolution
		SolutionGuid = {0838E622-3689-4F6A-923B-A33F26DEB0BB}
	EndGlobalSection
EndGlobal
